
Microsoft Visual Studio Solution File, Format Version 12.00
# Visual Studio Version 16
VisualStudioVersion = 16.0.32802.440
MinimumVisualStudioVersion = 10.0.40219.1
Project("{FAE04EC0-301F-11D3-BF4B-00C04F79EFBC}") = "ClassBookingSystem", "ClassBookingSystem\ClassBookingSystem.csproj", "{F992491D-2D4D-4A74-BA90-4C455E5969C3}"
EndProject
Global
	GlobalSection(SolutionConfigurationPlatforms) = preSolution
		Debug|Any CPU = Debug|Any CPU
		Release|Any CPU = Release|Any CPU
	EndGlobalSection
	GlobalSection(ProjectConfigurationPlatforms) = postSolution
		{F992491D-2D4D-4A74-BA90-4C455E5969C3}.Debug|Any CPU.ActiveCfg = Debug|Any CPU
		{F992491D-2D4D-4A74-BA90-4C455E5969C3}.Debug|Any CPU.Build.0 = Debug|Any CPU
		{F992491D-2D4D-4A74-BA90-4C455E5969C3}.Release|Any CPU.ActiveCfg = Release|Any CPU
		{F992491D-2D4D-4A74-BA90-4C455E5969C3}.Release|Any CPU.Build.0 = Release|Any CPU
	EndGlobalSection
	GlobalSection(SolutionProperties) = preSolution
		HideSolutionNode = FALSE
	EndGlobalSection
	GlobalSection(ExtensibilityGlobals) = postSolution
		SolutionGuid = {AD74C703-5E33-4F93-8D87-B0AAC14D78AE}
	EndGlobalSection
EndGlobal
